// !$*UTF8*$!
{
	archiveVersion = 1;
	classes = {
	};
	objectVersion = 77;
	objects = {

/* Begin PBXBuildFile section */
		0220E93D2F32C8F300F55A4E /* FirebaseAuth in Frameworks */ = {isa = PBXBuildFile; productRef = 0220E93C2F32C8F300F55A4E /* FirebaseAuth */; };
		0220E93F2F32C8F300F55A4E /* FirebaseFirestore in Frameworks */ = {isa = PBXBuildFile; productRef = 0220E93E2F32C8F300F55A4E /* FirebaseFirestore */; };
		0220E9412F32C8F300F55A4E /* FirebaseStorage in Frameworks */ = {isa = PBXBuildFile; productRef = 0220E9402F32C8F300F55A4E /* FirebaseStorage */; };
		0244FEE12F460CCA009100C5 /* WidgetKit.framework in Frameworks */ = {isa = PBXBuildFile; fileRef = 0244FEE02F460CCA009100C5 /* WidgetKit.framework */; };
		0244FEE32F460CCA009100C5 /* SwiftUI.framework in Frameworks */ = {isa = PBXBuildFile; fileRef = 0244FEE22F460CCA009100C5 /* SwiftUI.framework */; };
		0244FEEE2F460CCB009100C5 /* SabiqueWidgetExtension.appex in Embed Foundation Extensions */ = {isa = PBXBuildFile; fileRef = 0244FEDE2F460CCA009100C5 /* SabiqueWidgetExtension.appex */; settings = {ATTRIBUTES = (RemoveHeadersOnCopy, ); }; };
/* End PBXBuildFile section */

/* Begin PBXContainerItemProxy section */
		0225A3DA2F176C47006BEBA7 /* PBXContainerItemProxy */ = {
			isa = PBXContainerItemProxy;
			containerPortal = 0225A3C42F176C46006BEBA7 /* Project object */;
			proxyType = 1;
			remoteGlobalIDString = 0225A3CB2F176C46006BEBA7;
			remoteInfo = Sabique;
		};
		0225A3E42F176C47006BEBA7 /* PBXContainerItemProxy */ = {
			isa = PBXContainerItemProxy;
			containerPortal = 0225A3C42F176C46006BEBA7 /* Project object */;
			proxyType = 1;
			remoteGlobalIDString = 0225A3CB2F176C46006BEBA7;
			remoteInfo = Sabique;
		};
		0244FEEC2F460CCB009100C5 /* PBXContainerItemProxy */ = {
			isa = PBXContainerItemProxy;
			containerPortal = 0225A3C42F176C46006BEBA7 /* Project object */;
			proxyType = 1;
			remoteGlobalIDString = 0244FEDD2F460CCA009100C5;
			remoteInfo = SabiqueWidgetExtension;
		};
/* End PBXContainerItemProxy section */

/* Begin PBXCopyFilesBuildPhase section */
		0244FEF32F460CCB009100C5 /* Embed Foundation Extensions */ = {
			isa = PBXCopyFilesBuildPhase;
			buildActionMask = 2147483647;
			dstPath = "";
			dstSubfolderSpec = 13;
			files = (
				0244FEEE2F460CCB009100C5 /* SabiqueWidgetExtension.appex in Embed Foundation Extensions */,
			);
			name = "Embed Foundation Extensions";
			runOnlyForDeploymentPostprocessing = 0;
		};
/* End PBXCopyFilesBuildPhase section */

/* Begin PBXFileReference section */
		0225A3CC2F176C46006BEBA7 /* Sabique.app */ = {isa = PBXFileReference; explicitFileType = wrapper.application; includeInIndex = 0; path = Sabique.app; sourceTree = BUILT_PRODUCTS_DIR; };
		0225A3D92F176C47006BEBA7 /* SabiqueTests.xctest */ = {isa = PBXFileReference; explicitFileType = wrapper.cfbundle; includeInIndex = 0; path = SabiqueTests.xctest; sourceTree = BUILT_PRODUCTS_DIR; };
		0225A3E32F176C47006BEBA7 /* SabiqueUITests.xctest */ = {isa = PBXFileReference; explicitFileType = wrapper.cfbundle; includeInIndex = 0; path = SabiqueUITests.xctest; sourceTree = BUILT_PRODUCTS_DIR; };
		0244FEDE2F460CCA009100C5 /* SabiqueWidgetExtension.appex */ = {isa = PBXFileReference; explicitFileType = "wrapper.app-extension"; includeInIndex = 0; path = SabiqueWidgetExtension.appex; sourceTree = BUILT_PRODUCTS_DIR; };
		0244FEE02F460CCA009100C5 /* WidgetKit.framework */ = {isa = PBXFileReference; lastKnownFileType = wrapper.framework; name = WidgetKit.framework; path = System/Library/Frameworks/WidgetKit.framework; sourceTree = SDKROOT; };
		0244FEE22F460CCA009100C5 /* SwiftUI.framework */ = {isa = PBXFileReference; lastKnownFileType = wrapper.framework; name = SwiftUI.framework; path = System/Library/Frameworks/SwiftUI.framework; sourceTree = SDKROOT; };
		0244FEF42F460DD3009100C5 /* SabiqueWidgetExtension.entitlements */ = {isa = PBXFileReference; lastKnownFileType = text.plist.entitlements; path = SabiqueWidgetExtension.entitlements; sourceTree = "<group>"; };
/* End PBXFileReference section */

/* Begin PBXFileSystemSynchronizedBuildFileExceptionSet section */
		022EBA012F3F891A00CC9630 /* Exceptions for "Sabique" folder in "Sabique" target */ = {
			isa = PBXFileSystemSynchronizedBuildFileExceptionSet;
			membershipExceptions = (
				Info.plist,
			);
			target = 0225A3CB2F176C46006BEBA7 /* Sabique */;
		};
		0244FEF22F460CCB009100C5 /* Exceptions for "SabiqueWidget" folder in "SabiqueWidgetExtension" target */ = {
			isa = PBXFileSystemSynchronizedBuildFileExceptionSet;
			membershipExceptions = (
				Info.plist,
			);
			target = 0244FEDD2F460CCA009100C5 /* SabiqueWidgetExtension */;
		};
/* End PBXFileSystemSynchronizedBuildFileExceptionSet section */

/* Begin PBXFileSystemSynchronizedRootGroup section */
		0225A3CE2F176C46006BEBA7 /* Sabique */ = {
			isa = PBXFileSystemSynchronizedRootGroup;
			exceptions = (
				022EBA012F3F891A00CC9630 /* Exceptions for "Sabique" folder in "Sabique" target */,
			);
			path = Sabique;
			sourceTree = "<group>";
		};
		0225A3DC2F176C47006BEBA7 /* SabiqueTests */ = {
			isa = PBXFileSystemSynchronizedRootGroup;
			path = SabiqueTests;
			sourceTree = "<group>";
		};
		0225A3E62F176C47006BEBA7 /* SabiqueUITests */ = {
			isa = PBXFileSystemSynchronizedRootGroup;
			path = SabiqueUITests;
			sourceTree = "<group>";
		};
		0244FEE42F460CCA009100C5 /* SabiqueWidget */ = {
			isa = PBXFileSystemSynchronizedRootGroup;
			exceptions = (
				0244FEF22F460CCB009100C5 /* Exceptions for "SabiqueWidget" folder in "SabiqueWidgetExtension" target */,
			);
			path = SabiqueWidget;
			sourceTree = "<group>";
		};
/* End PBXFileSystemSynchronizedRootGroup section */

/* Begin PBXFrameworksBuildPhase section */
		0225A3C92F176C46006BEBA7 /* Frameworks */ = {
			isa = PBXFrameworksBuildPhase;
			buildActionMask = 2147483647;
			files = (
				0220E93D2F32C8F300F55A4E /* FirebaseAuth in Frameworks */,
				0220E93F2F32C8F300F55A4E /* FirebaseFirestore in Frameworks */,
				0220E9412F32C8F300F55A4E /* FirebaseStorage in Frameworks */,
			);
			runOnlyForDeploymentPostprocessing = 0;
		};
		0225A3D62F176C47006BEBA7 /* Frameworks */ = {
			isa = PBXFrameworksBuildPhase;
			buildActionMask = 2147483647;
			files = (
			);
			runOnlyForDeploymentPostprocessing = 0;
		};
		0225A3E02F176C47006BEBA7 /* Frameworks */ = {
			isa = PBXFrameworksBuildPhase;
			buildActionMask = 2147483647;
			files = (
			);
			runOnlyForDeploymentPostprocessing = 0;
		};
		0244FEDB2F460CCA009100C5 /* Frameworks */ = {
			isa = PBXFrameworksBuildPhase;
			buildActionMask = 2147483647;
			files = (
				0244FEE32F460CCA009100C5 /* SwiftUI.framework in Frameworks */,
				0244FEE12F460CCA009100C5 /* WidgetKit.framework in Frameworks */,
			);
			runOnlyForDeploymentPostprocessing = 0;
		};
/* End PBXFrameworksBuildPhase section */

/* Begin PBXGroup section */
		0225A3C32F176C46006BEBA7 = {
			isa = PBXGroup;
			children = (
				0244FEF42F460DD3009100C5 /* SabiqueWidgetExtension.entitlements */,
				0225A3CE2F176C46006BEBA7 /* Sabique */,
				0225A3DC2F176C47006BEBA7 /* SabiqueTests */,
				0225A3E62F176C47006BEBA7 /* SabiqueUITests */,
				0244FEE42F460CCA009100C5 /* SabiqueWidget */,
				0244FEDF2F460CCA009100C5 /* Frameworks */,
				0225A3CD2F176C46006BEBA7 /* Products */,
			);
			sourceTree = "<group>";
		};
		0225A3CD2F176C46006BEBA7 /* Products */ = {
			isa = PBXGroup;
			children = (
				0225A3CC2F176C46006BEBA7 /* Sabique.app */,
				0225A3D92F176C47006BEBA7 /* SabiqueTests.xctest */,
				0225A3E32F176C47006BEBA7 /* SabiqueUITests.xctest */,
				0244FEDE2F460CCA009100C5 /* SabiqueWidgetExtension.appex */,
			);
			name = Products;
			sourceTree = "<group>";
		};
		0244FEDF2F460CCA009100C5 /* Frameworks */ = {
			isa = PBXGroup;
			children = (
				0244FEE02F460CCA009100C5 /* WidgetKit.framework */,
				0244FEE22F460CCA009100C5 /* SwiftUI.framework */,
			);
			name = Frameworks;
			sourceTree = "<group>";
		};
/* End PBXGroup section */

/* Begin PBXNativeTarget section */
		0225A3CB2F176C46006BEBA7 /* Sabique */ = {
			isa = PBXNativeTarget;
			buildConfigurationList = 0225A3ED2F176C47006BEBA7 /* Build configuration list for PBXNativeTarget "Sabique" */;
			buildPhases = (
				0225A3C82F176C46006BEBA7 /* Sources */,
				0225A3C92F176C46006BEBA7 /* Frameworks */,
				0225A3CA2F176C46006BEBA7 /* Resources */,
				0244FEF32F460CCB009100C5 /* Embed Foundation Extensions */,
			);
			buildRules = (
			);
			dependencies = (
				0244FEED2F460CCB009100C5 /* PBXTargetDependency */,
			);
			fileSystemSynchronizedGroups = (
				0225A3CE2F176C46006BEBA7 /* Sabique */,
			);
			name = Sabique;
			packageProductDependencies = (
				0220E93C2F32C8F300F55A4E /* FirebaseAuth */,
				0220E93E2F32C8F300F55A4E /* FirebaseFirestore */,
				0220E9402F32C8F300F55A4E /* FirebaseStorage */,
			);
			productName = Sabique;
			productReference = 0225A3CC2F176C46006BEBA7 /* Sabique.app */;
			productType = "com.apple.product-type.application";
		};
		0225A3D82F176C47006BEBA7 /* SabiqueTests */ = {
			isa = PBXNativeTarget;
			buildConfigurationList = 0225A3F02F176C47006BEBA7 /* Build configuration list for PBXNativeTarget "SabiqueTests" */;
			buildPhases = (
				0225A3D52F176C47006BEBA7 /* Sources */,
				0225A3D62F176C47006BEBA7 /* Frameworks */,
				0225A3D72F176C47006BEBA7 /* Resources */,
			);
			buildRules = (
			);
			dependencies = (
				0225A3DB2F176C47006BEBA7 /* PBXTargetDependency */,
			);
			fileSystemSynchronizedGroups = (
				0225A3DC2F176C47006BEBA7 /* SabiqueTests */,
			);
			name = SabiqueTests;
			packageProductDependencies = (
			);
			productName = SabiqueTests;
			productReference = 0225A3D92F176C47006BEBA7 /* SabiqueTests.xctest */;
			productType = "com.apple.product-type.bundle.unit-test";
		};
		0225A3E22F176C47006BEBA7 /* SabiqueUITests */ = {
			isa = PBXNativeTarget;
			buildConfigurationList = 0225A3F32F176C47006BEBA7 /* Build configuration list for PBXNativeTarget "SabiqueUITests" */;
			buildPhases = (
				0225A3DF2F176C47006BEBA7 /* Sources */,
				0225A3E02F176C47006BEBA7 /* Frameworks */,
				0225A3E12F176C47006BEBA7 /* Resources */,
			);
			buildRules = (
			);
			dependencies = (
				0225A3E52F176C47006BEBA7 /* PBXTargetDependency */,
			);
			fileSystemSynchronizedGroups = (
				0225A3E62F176C47006BEBA7 /* SabiqueUITests */,
			);
			name = SabiqueUITests;
			packageProductDependencies = (
			);
			productName = SabiqueUITests;
			productReference = 0225A3E32F176C47006BEBA7 /* SabiqueUITests.xctest */;
			productType = "com.apple.product-type.bundle.ui-testing";
		};
		0244FEDD2F460CCA009100C5 /* SabiqueWidgetExtension */ = {
			isa = PBXNativeTarget;
			buildConfigurationList = 0244FEEF2F460CCB009100C5 /* Build configuration list for PBXNativeTarget "SabiqueWidgetExtension" */;
			buildPhases = (
				0244FEDA2F460CCA009100C5 /* Sources */,
				0244FEDB2F460CCA009100C5 /* Frameworks */,
				0244FEDC2F460CCA009100C5 /* Resources */,
			);
			buildRules = (
			);
			dependencies = (
			);
			fileSystemSynchronizedGroups = (
				0244FEE42F460CCA009100C5 /* SabiqueWidget */,
			);
			name = SabiqueWidgetExtension;
			packageProductDependencies = (
			);
			productName = SabiqueWidgetExtension;
			productReference = 0244FEDE2F460CCA009100C5 /* SabiqueWidgetExtension.appex */;
			productType = "com.apple.product-type.app-extension";
		};
/* End PBXNativeTarget section */

/* Begin PBXProject section */
		0225A3C42F176C46006BEBA7 /* Project object */ = {
			isa = PBXProject;
			attributes = {
				BuildIndependentTargetsInParallel = 1;
				LastSwiftUpdateCheck = 2600;
				LastUpgradeCheck = 2600;
				TargetAttributes = {
					0225A3CB2F176C46006BEBA7 = {
						CreatedOnToolsVersion = 26.0.1;
					};
					0225A3D82F176C47006BEBA7 = {
						CreatedOnToolsVersion = 26.0.1;
						TestTargetID = 0225A3CB2F176C46006BEBA7;
					};
					0225A3E22F176C47006BEBA7 = {
						CreatedOnToolsVersion = 26.0.1;
						TestTargetID = 0225A3CB2F176C46006BEBA7;
					};
					0244FEDD2F460CCA009100C5 = {
						CreatedOnToolsVersion = 26.0.1;
					};
				};
			};
			buildConfigurationList = 0225A3C72F176C46006BEBA7 /* Build configuration list for PBXProject "Sabique" */;
			developmentRegion = en;
			hasScannedForEncodings = 0;
			knownRegions = (
				en,
				Base,
				hi,
				"en-GB",
				nl,
			);
			mainGroup = 0225A3C32F176C46006BEBA7;
			minimizedProjectReferenceProxies = 1;
			packageReferences = (
				0220E93B2F32C8F300F55A4E /* XCRemoteSwiftPackageReference "firebase-ios-sdk" */,
			);
			preferredProjectObjectVersion = 77;
			productRefGroup = 0225A3CD2F176C46006BEBA7 /* Products */;
			projectDirPath = "";
			projectRoot = "";
			targets = (
				0225A3CB2F176C46006BEBA7 /* Sabique */,
				0225A3D82F176C47006BEBA7 /* SabiqueTests */,
				0225A3E22F176C47006BEBA7 /* SabiqueUITests */,
				0244FEDD2F460CCA009100C5 /* SabiqueWidgetExtension */,
			);
		};
/* End PBXProject section */

/* Begin PBXResourcesBuildPhase section */
		0225A3CA2F176C46006BEBA7 /* Resources */ = {
			isa = PBXResourcesBuildPhase;
			buildActionMask = 2147483647;
			files = (
			);
			runOnlyForDeploymentPostprocessing = 0;
		};
		0225A3D72F176C47006BEBA7 /* Resources */ = {
			isa = PBXResourcesBuildPhase;
			buildActionMask = 2147483647;
			files = (
			);
			runOnlyForDeploymentPostprocessing = 0;
		};
		0225A3E12F176C47006BEBA7 /* Resources */ = {
			isa = PBXResourcesBuildPhase;
			buildActionMask = 2147483647;
			files = (
			);
			runOnlyForDeploymentPostprocessing = 0;
		};
		0244FEDC2F460CCA009100C5 /* Resources */ = {
			isa = PBXResourcesBuildPhase;
			buildActionMask = 2147483647;
			files = (
			);
			runOnlyForDeploymentPostprocessing = 0;
		};
/* End PBXResourcesBuildPhase section */

/* Begin PBXSourcesBuildPhase section */
		0225A3C82F176C46006BEBA7 /* Sources */ = {
			isa = PBXSourcesBuildPhase;
			buildActionMask = 2147483647;
			files = (
			);
			runOnlyForDeploymentPostprocessing = 0;
		};
		0225A3D52F176C47006BEBA7 /* Sources */ = {
			isa = PBXSourcesBuildPhase;
			buildActionMask = 2147483647;
			files = (
			);
			runOnlyForDeploymentPostprocessing = 0;
		};
		0225A3DF2F176C47006BEBA7 /* Sources */ = {
			isa = PBXSourcesBuildPhase;
			buildActionMask = 2147483647;
			files = (
			);
			runOnlyForDeploymentPostprocessing = 0;
		};
		0244FEDA2F460CCA009100C5 /* Sources */ = {
			isa = PBXSourcesBuildPhase;
			buildActionMask = 2147483647;
			files = (
			);
			runOnlyForDeploymentPostprocessing = 0;
		};
/* End PBXSourcesBuildPhase section */

/* Begin PBXTargetDependency section */
		0225A3DB2F176C47006BEBA7 /* PBXTargetDependency */ = {
			isa = PBXTargetDependency;
			target = 0225A3CB2F176C46006BEBA7 /* Sabique */;
			targetProxy = 0225A3DA2F176C47006BEBA7 /* PBXContainerItemProxy */;
		};
		0225A3E52F176C47006BEBA7 /* PBXTargetDependency */ = {
			isa = PBXTargetDependency;
			target = 0225A3CB2F176C46006BEBA7 /* Sabique */;
			targetProxy = 0225A3E42F176C47006BEBA7 /* PBXContainerItemProxy */;
		};
		0244FEED2F460CCB009100C5 /* PBXTargetDependency */ = {
			isa = PBXTargetDependency;
			target = 0244FEDD2F460CCA009100C5 /* SabiqueWidgetExtension */;
			targetProxy = 0244FEEC2F460CCB009100C5 /* PBXContainerItemProxy */;
		};
/* End PBXTargetDependency section */

/* Begin XCBuildConfiguration section */
		0225A3EB2F176C47006BEBA7 /* Debug */ = {
			isa = XCBuildConfiguration;
			buildSettings = {
				ALWAYS_SEARCH_USER_PATHS = NO;
				ASSETCATALOG_COMPILER_GENERATE_SWIFT_ASSET_SYMBOL_EXTENSIONS = YES;
				CLANG_ANALYZER_NONNULL = YES;
				CLANG_ANALYZER_NUMBER_OBJECT_CONVERSION = YES_AGGRESSIVE;
				CLANG_CXX_LANGUAGE_STANDARD = "gnu++20";
				CLANG_ENABLE_MODULES = YES;
				CLANG_ENABLE_OBJC_ARC = YES;
				CLANG_ENABLE_OBJC_WEAK = YES;
				CLANG_WARN_BLOCK_CAPTURE_AUTORELEASING = YES;
				CLANG_WARN_BOOL_CONVERSION = YES;
				CLANG_WARN_COMMA = YES;
				CLANG_WARN_CONSTANT_CONVERSION = YES;
				CLANG_WARN_DEPRECATED_OBJC_IMPLEMENTATIONS = YES;
				CLANG_WARN_DIRECT_OBJC_ISA_USAGE = YES_ERROR;
				CLANG_WARN_DOCUMENTATION_COMMENTS = YES;
				CLANG_WARN_EMPTY_BODY = YES;
				CLANG_WARN_ENUM_CONVERSION = YES;
				CLANG_WARN_INFINITE_RECURSION = YES;
				CLANG_WARN_INT_CONVERSION = YES;
				CLANG_WARN_NON_LITERAL_NULL_CONVERSION = YES;
				CLANG_WARN_OBJC_IMPLICIT_RETAIN_SELF = YES;
				CLANG_WARN_OBJC_LITERAL_CONVERSION = YES;
				CLANG_WARN_OBJC_ROOT_CLASS = YES_ERROR;
				CLANG_WARN_QUOTED_INCLUDE_IN_FRAMEWORK_HEADER = YES;
				CLANG_WARN_RANGE_LOOP_ANALYSIS = YES;
				CLANG_WARN_STRICT_PROTOTYPES = YES;
				CLANG_WARN_SUSPICIOUS_MOVE = YES;
				CLANG_WARN_UNGUARDED_AVAILABILITY = YES_AGGRESSIVE;
				CLANG_WARN_UNREACHABLE_CODE = YES;
				CLANG_WARN__DUPLICATE_METHOD_MATCH = YES;
				COPY_PHASE_STRIP = NO;
				DEBUG_INFORMATION_FORMAT = dwarf;
				DEVELOPMENT_TEAM = 2HNQAJKUD5;
				ENABLE_STRICT_OBJC_MSGSEND = YES;
				ENABLE_TESTABILITY = YES;
				ENABLE_USER_SCRIPT_SANDBOXING = YES;
				GCC_C_LANGUAGE_STANDARD = gnu17;
				GCC_DYNAMIC_NO_PIC = NO;
				GCC_NO_COMMON_BLOCKS = YES;
				GCC_OPTIMIZATION_LEVEL = 0;
				GCC_PREPROCESSOR_DEFINITIONS = (
					"DEBUG=1",
					"$(inherited)",
				);
				GCC_WARN_64_TO_32_BIT_CONVERSION = YES;
				GCC_WARN_ABOUT_RETURN_TYPE = YES_ERROR;
				GCC_WARN_UNDECLARED_SELECTOR = YES;
				GCC_WARN_UNINITIALIZED_AUTOS = YES_AGGRESSIVE;
				GCC_WARN_UNUSED_FUNCTION = YES;
				GCC_WARN_UNUSED_VARIABLE = YES;
				IPHONEOS_DEPLOYMENT_TARGET = 26.0;
				LOCALIZATION_PREFERS_STRING_CATALOGS = YES;
				MTL_ENABLE_DEBUG_INFO = INCLUDE_SOURCE;
				MTL_FAST_MATH = YES;
				ONLY_ACTIVE_ARCH = YES;
				SDKROOT = iphoneos;
				SWIFT_ACTIVE_COMPILATION_CONDITIONS = "DEBUG $(inherited)";
				SWIFT_OPTIMIZATION_LEVEL = "-Onone";
			};
			name = Debug;
		};
		0225A3EC2F176C47006BEBA7 /* Release */ = {
			isa = XCBuildConfiguration;
			buildSettings = {
				ALWAYS_SEARCH_USER_PATHS = NO;
				ASSETCATALOG_COMPILER_GENERATE_SWIFT_ASSET_SYMBOL_EXTENSIONS = YES;
				CLANG_ANALYZER_NONNULL = YES;
				CLANG_ANALYZER_NUMBER_OBJECT_CONVERSION = YES_AGGRESSIVE;
				CLANG_CXX_LANGUAGE_STANDARD = "gnu++20";
				CLANG_ENABLE_MODULES = YES;
				CLANG_ENABLE_OBJC_ARC = YES;
				CLANG_ENABLE_OBJC_WEAK = YES;
				CLANG_WARN_BLOCK_CAPTURE_AUTORELEASING = YES;
				CLANG_WARN_BOOL_CONVERSION = YES;
				CLANG_WARN_COMMA = YES;
				CLANG_WARN_CONSTANT_CONVERSION = YES;
				CLANG_WARN_DEPRECATED_OBJC_IMPLEMENTATIONS = YES;
				CLANG_WARN_DIRECT_OBJC_ISA_USAGE = YES_ERROR;
				CLANG_WARN_DOCUMENTATION_COMMENTS = YES;
				CLANG_WARN_EMPTY_BODY = YES;
				CLANG_WARN_ENUM_CONVERSION = YES;
				CLANG_WARN_INFINITE_RECURSION = YES;
				CLANG_WARN_INT_CONVERSION = YES;
				CLANG_WARN_NON_LITERAL_NULL_CONVERSION = YES;
				CLANG_WARN_OBJC_IMPLICIT_RETAIN_SELF = YES;
				CLANG_WARN_OBJC_LITERAL_CONVERSION = YES;
				CLANG_WARN_OBJC_ROOT_CLASS = YES_ERROR;
				CLANG_WARN_QUOTED_INCLUDE_IN_FRAMEWORK_HEADER = YES;
				CLANG_WARN_RANGE_LOOP_ANALYSIS = YES;
				CLANG_WARN_STRICT_PROTOTYPES = YES;
				CLANG_WARN_SUSPICIOUS_MOVE = YES;
				CLANG_WARN_UNGUARDED_AVAILABILITY = YES_AGGRESSIVE;
				CLANG_WARN_UNREACHABLE_CODE = YES;
				CLANG_WARN__DUPLICATE_METHOD_MATCH = YES;
				COPY_PHASE_STRIP = NO;
				DEBUG_INFORMATION_FORMAT = "dwarf-with-dsym";
				DEVELOPMENT_TEAM = 2HNQAJKUD5;
				ENABLE_NS_ASSERTIONS = NO;
				ENABLE_STRICT_OBJC_MSGSEND = YES;
				ENABLE_USER_SCRIPT_SANDBOXING = YES;
				GCC_C_LANGUAGE_STANDARD = gnu17;
				GCC_NO_COMMON_BLOCKS = YES;
				GCC_WARN_64_TO_32_BIT_CONVERSION = YES;
				GCC_WARN_ABOUT_RETURN_TYPE = YES_ERROR;
				GCC_WARN_UNDECLARED_SELECTOR = YES;
				GCC_WARN_UNINITIALIZED_AUTOS = YES_AGGRESSIVE;
				GCC_WARN_UNUSED_FUNCTION = YES;
				GCC_WARN_UNUSED_VARIABLE = YES;
				IPHONEOS_DEPLOYMENT_TARGET = 26.0;
				LOCALIZATION_PREFERS_STRING_CATALOGS = YES;
				MTL_ENABLE_DEBUG_INFO = NO;
				MTL_FAST_MATH = YES;
				SDKROOT = iphoneos;
				SWIFT_COMPILATION_MODE = wholemodule;
				VALIDATE_PRODUCT = YES;
			};
			name = Release;
		};
		0225A3EE2F176C47006BEBA7 /* Debug */ = {
			isa = XCBuildConfiguration;
			buildSettings = {
				ASSETCATALOG_COMPILER_APPICON_NAME = AppIcon;
				ASSETCATALOG_COMPILER_GLOBAL_ACCENT_COLOR_NAME = AccentColor;
				CODE_SIGN_ENTITLEMENTS = Sabique/Sabique.entitlements;
				CODE_SIGN_IDENTITY = "Apple Development";
				CODE_SIGN_STYLE = Automatic;
				CURRENT_PROJECT_VERSION = 14;
				DEVELOPMENT_TEAM = 2HNQAJKUD5;
				ENABLE_PREVIEWS = YES;
				GENERATE_INFOPLIST_FILE = YES;
				INFOPLIST_FILE = Sabique/Info.plist;
				INFOPLIST_KEY_CFBundleDisplayName = Sabique;
				INFOPLIST_KEY_LSApplicationCategoryType = "public.app-category.music";
				INFOPLIST_KEY_NSAppleMusicUsageDescription = "アプリ内で音楽を再生するためにライブラリにアクセスします。";
				INFOPLIST_KEY_UIApplicationSceneManifest_Generation = YES;
				INFOPLIST_KEY_UIApplicationSupportsIndirectInputEvents = YES;
				INFOPLIST_KEY_UILaunchScreen_Generation = YES;
				INFOPLIST_KEY_UISupportedInterfaceOrientations = UIInterfaceOrientationPortrait;
				INFOPLIST_KEY_UISupportedInterfaceOrientations_iPad = "UIInterfaceOrientationLandscapeLeft UIInterfaceOrientationLandscapeRight UIInterfaceOrientationPortrait UIInterfaceOrientationPortraitUpsideDown";
				IPHONEOS_DEPLOYMENT_TARGET = 18.6;
				LD_RUNPATH_SEARCH_PATHS = (
					"$(inherited)",
					"@executable_path/Frameworks",
				);
				MARKETING_VERSION = 2.4;
				PRODUCT_BUNDLE_IDENTIFIER = com.yuki.Sabique;
				PRODUCT_NAME = "$(TARGET_NAME)";
				PROVISIONING_PROFILE_SPECIFIER = "";
				STRING_CATALOG_GENERATE_SYMBOLS = YES;
				SUPPORTED_PLATFORMS = "iphoneos iphonesimulator";
				SUPPORTS_MACCATALYST = NO;
				SUPPORTS_MAC_DESIGNED_FOR_IPHONE_IPAD = NO;
				SUPPORTS_XR_DESIGNED_FOR_IPHONE_IPAD = NO;
				SWIFT_APPROACHABLE_CONCURRENCY = YES;
				SWIFT_DEFAULT_ACTOR_ISOLATION = MainActor;
				SWIFT_EMIT_LOC_STRINGS = YES;
				SWIFT_UPCOMING_FEATURE_MEMBER_IMPORT_VISIBILITY = YES;
				SWIFT_VERSION = 5.0;
				TARGETED_DEVICE_FAMILY = 1;
			};
			name = Debug;
		};
		0225A3EF2F176C47006BEBA7 /* Release */ = {
			isa = XCBuildConfiguration;
			buildSettings = {
				ASSETCATALOG_COMPILER_APPICON_NAME = AppIcon;
				ASSETCATALOG_COMPILER_GLOBAL_ACCENT_COLOR_NAME = AccentColor;
				CODE_SIGN_ENTITLEMENTS = Sabique/Sabique.entitlements;
				CODE_SIGN_IDENTITY = "Apple Development";
				CODE_SIGN_STYLE = Automatic;
				CURRENT_PROJECT_VERSION = 14;
				DEVELOPMENT_TEAM = 2HNQAJKUD5;
				ENABLE_PREVIEWS = YES;
				GENERATE_INFOPLIST_FILE = YES;
				INFOPLIST_FILE = Sabique/Info.plist;
				INFOPLIST_KEY_CFBundleDisplayName = Sabique;
				INFOPLIST_KEY_LSApplicationCategoryType = "public.app-category.music";
				INFOPLIST_KEY_NSAppleMusicUsageDescription = "アプリ内で音楽を再生するためにライブラリにアクセスします。";
				INFOPLIST_KEY_UIApplicationSceneManifest_Generation = YES;
				INFOPLIST_KEY_UIApplicationSupportsIndirectInputEvents = YES;
				INFOPLIST_KEY_UILaunchScreen_Generation = YES;
				INFOPLIST_KEY_UISupportedInterfaceOrientations = UIInterfaceOrientationPortrait;
				INFOPLIST_KEY_UISupportedInterfaceOrientations_iPad = "UIInterfaceOrientationLandscapeLeft UIInterfaceOrientationLandscapeRight UIInterfaceOrientationPortrait UIInterfaceOrientationPortraitUpsideDown";
				IPHONEOS_DEPLOYMENT_TARGET = 18.6;
				LD_RUNPATH_SEARCH_PATHS = (
					"$(inherited)",
					"@executable_path/Frameworks",
				);
				MARKETING_VERSION = 2.4;
				PRODUCT_BUNDLE_IDENTIFIER = com.yuki.Sabique;
				PRODUCT_NAME = "$(TARGET_NAME)";
				PROVISIONING_PROFILE_SPECIFIER = "";
				STRING_CATALOG_GENERATE_SYMBOLS = YES;
				SUPPORTED_PLATFORMS = "iphoneos iphonesimulator";
				SUPPORTS_MACCATALYST = NO;
				SUPPORTS_MAC_DESIGNED_FOR_IPHONE_IPAD = NO;
				SUPPORTS_XR_DESIGNED_FOR_IPHONE_IPAD = NO;
				SWIFT_APPROACHABLE_CONCURRENCY = YES;
				SWIFT_DEFAULT_ACTOR_ISOLATION = MainActor;
				SWIFT_EMIT_LOC_STRINGS = YES;
				SWIFT_UPCOMING_FEATURE_MEMBER_IMPORT_VISIBILITY = YES;
				SWIFT_VERSION = 5.0;
				TARGETED_DEVICE_FAMILY = 1;
			};
			name = Release;
		};
		0225A3F12F176C47006BEBA7 /* Debug */ = {
			isa = XCBuildConfiguration;
			buildSettings = {
				BUNDLE_LOADER = "$(TEST_HOST)";
				CODE_SIGN_STYLE = Automatic;
				CURRENT_PROJECT_VERSION = 1;
				DEVELOPMENT_TEAM = 2HNQAJKUD5;
				GENERATE_INFOPLIST_FILE = YES;
				IPHONEOS_DEPLOYMENT_TARGET = 26.0;
				MARKETING_VERSION = 1.0;
				PRODUCT_BUNDLE_IDENTIFIER = com.yuki.SabiqueTests;
				PRODUCT_NAME = "$(TARGET_NAME)";
				STRING_CATALOG_GENERATE_SYMBOLS = NO;
				SWIFT_APPROACHABLE_CONCURRENCY = YES;
				SWIFT_EMIT_LOC_STRINGS = NO;
				SWIFT_UPCOMING_FEATURE_MEMBER_IMPORT_VISIBILITY = YES;
				SWIFT_VERSION = 5.0;
				TARGETED_DEVICE_FAMILY = "1,2";
				TEST_HOST = "$(BUILT_PRODUCTS_DIR)/Sabique.app/$(BUNDLE_EXECUTABLE_FOLDER_PATH)/Sabique";
			};
			name = Debug;
		};
		0225A3F22F176C47006BEBA7 /* Release */ = {
			isa = XCBuildConfiguration;
			buildSettings = {
				BUNDLE_LOADER = "$(TEST_HOST)";
				CODE_SIGN_STYLE = Automatic;
				CURRENT_PROJECT_VERSION = 1;
				DEVELOPMENT_TEAM = 2HNQAJKUD5;
				GENERATE_INFOPLIST_FILE = YES;
				IPHONEOS_DEPLOYMENT_TARGET = 26.0;
				MARKETING_VERSION = 1.0;
				PRODUCT_BUNDLE_IDENTIFIER = com.yuki.SabiqueTests;
				PRODUCT_NAME = "$(TARGET_NAME)";
				STRING_CATALOG_GENERATE_SYMBOLS = NO;
				SWIFT_APPROACHABLE_CONCURRENCY = YES;
				SWIFT_EMIT_LOC_STRINGS = NO;
				SWIFT_UPCOMING_FEATURE_MEMBER_IMPORT_VISIBILITY = YES;
				SWIFT_VERSION = 5.0;
				TARGETED_DEVICE_FAMILY = "1,2";
				TEST_HOST = "$(BUILT_PRODUCTS_DIR)/Sabique.app/$(BUNDLE_EXECUTABLE_FOLDER_PATH)/Sabique";
			};
			name = Release;
		};
		0225A3F42F176C47006BEBA7 /* Debug */ = {
			isa = XCBuildConfiguration;
			buildSettings = {
				CODE_SIGN_STYLE = Automatic;
				CURRENT_PROJECT_VERSION = 1;
				DEVELOPMENT_TEAM = 2HNQAJKUD5;
				GENERATE_INFOPLIST_FILE = YES;
				MARKETING_VERSION = 1.0;
				PRODUCT_BUNDLE_IDENTIFIER = com.yuki.SabiqueUITests;
				PRODUCT_NAME = "$(TARGET_NAME)";
				STRING_CATALOG_GENERATE_SYMBOLS = NO;
				SWIFT_APPROACHABLE_CONCURRENCY = YES;
				SWIFT_EMIT_LOC_STRINGS = NO;
				SWIFT_UPCOMING_FEATURE_MEMBER_IMPORT_VISIBILITY = YES;
				SWIFT_VERSION = 5.0;
				TARGETED_DEVICE_FAMILY = "1,2";
				TEST_TARGET_NAME = Sabique;
			};
			name = Debug;
		};
		0225A3F52F176C47006BEBA7 /* Release */ = {
			isa = XCBuildConfiguration;
			buildSettings = {
				CODE_SIGN_STYLE = Automatic;
				CURRENT_PROJECT_VERSION = 1;
				DEVELOPMENT_TEAM = 2HNQAJKUD5;
				GENERATE_INFOPLIST_FILE = YES;
				MARKETING_VERSION = 1.0;
				PRODUCT_BUNDLE_IDENTIFIER = com.yuki.SabiqueUITests;
				PRODUCT_NAME = "$(TARGET_NAME)";
				STRING_CATALOG_GENERATE_SYMBOLS = NO;
				SWIFT_APPROACHABLE_CONCURRENCY = YES;
				SWIFT_EMIT_LOC_STRINGS = NO;
				SWIFT_UPCOMING_FEATURE_MEMBER_IMPORT_VISIBILITY = YES;
				SWIFT_VERSION = 5.0;
				TARGETED_DEVICE_FAMILY = "1,2";
				TEST_TARGET_NAME = Sabique;
			};
			name = Release;
		};
		0244FEF02F460CCB009100C5 /* Debug */ = {
			isa = XCBuildConfiguration;
			buildSettings = {
				ASSETCATALOG_COMPILER_GLOBAL_ACCENT_COLOR_NAME = AccentColor;
				ASSETCATALOG_COMPILER_WIDGET_BACKGROUND_COLOR_NAME = WidgetBackground;
				CODE_SIGN_ENTITLEMENTS = SabiqueWidgetExtension.entitlements;
				CODE_SIGN_IDENTITY = "Apple Development";
				CODE_SIGN_STYLE = Automatic;
				CURRENT_PROJECT_VERSION = 14;
				DEVELOPMENT_TEAM = 2HNQAJKUD5;
				GENERATE_INFOPLIST_FILE = YES;
				INFOPLIST_FILE = SabiqueWidget/Info.plist;
				INFOPLIST_KEY_CFBundleDisplayName = SabiqueWidget;
				INFOPLIST_KEY_NSHumanReadableCopyright = "";
				LD_RUNPATH_SEARCH_PATHS = (
					"$(inherited)",
					"@executable_path/Frameworks",
					"@executable_path/../../Frameworks",
				);
				MARKETING_VERSION = 2.4;
				PRODUCT_BUNDLE_IDENTIFIER = com.yuki.Sabique.SabiqueWidget;
				PRODUCT_NAME = "$(TARGET_NAME)";
				SKIP_INSTALL = YES;
				STRING_CATALOG_GENERATE_SYMBOLS = YES;
				SWIFT_APPROACHABLE_CONCURRENCY = YES;
				SWIFT_EMIT_LOC_STRINGS = YES;
				SWIFT_UPCOMING_FEATURE_MEMBER_IMPORT_VISIBILITY = YES;
				SWIFT_VERSION = 5.0;
				TARGETED_DEVICE_FAMILY = "1,2";
			};
			name = Debug;
		};
		0244FEF12F460CCB009100C5 /* Release */ = {
			isa = XCBuildConfiguration;
			buildSettings = {
				ASSETCATALOG_COMPILER_GLOBAL_ACCENT_COLOR_NAME = AccentColor;
				ASSETCATALOG_COMPILER_WIDGET_BACKGROUND_COLOR_NAME = WidgetBackground;
				CODE_SIGN_ENTITLEMENTS = SabiqueWidgetExtension.entitlements;
				CODE_SIGN_IDENTITY = "Apple Development";
				CODE_SIGN_STYLE = Automatic;
				CURRENT_PROJECT_VERSION = 14;
				DEVELOPMENT_TEAM = 2HNQAJKUD5;
				GENERATE_INFOPLIST_FILE = YES;
				INFOPLIST_FILE = SabiqueWidget/Info.plist;
				INFOPLIST_KEY_CFBundleDisplayName = SabiqueWidget;
				INFOPLIST_KEY_NSHumanReadableCopyright = "";
				LD_RUNPATH_SEARCH_PATHS = (
					"$(inherited)",
					"@executable_path/Frameworks",
					"@executable_path/../../Frameworks",
				);
				MARKETING_VERSION = 2.4;
				PRODUCT_BUNDLE_IDENTIFIER = com.yuki.Sabique.SabiqueWidget;
				PRODUCT_NAME = "$(TARGET_NAME)";
				SKIP_INSTALL = YES;
				STRING_CATALOG_GENERATE_SYMBOLS = YES;
				SWIFT_APPROACHABLE_CONCURRENCY = YES;
				SWIFT_EMIT_LOC_STRINGS = YES;
				SWIFT_UPCOMING_FEATURE_MEMBER_IMPORT_VISIBILITY = YES;
				SWIFT_VERSION = 5.0;
				TARGETED_DEVICE_FAMILY = "1,2";
			};
			name = Release;
		};
/* End XCBuildConfiguration section */

/* Begin XCConfigurationList section */
		0225A3C72F176C46006BEBA7 /* Build configuration list for PBXProject "Sabique" */ = {
			isa = XCConfigurationList;
			buildConfigurations = (
				0225A3EB2F176C47006BEBA7 /* Debug */,
				0225A3EC2F176C47006BEBA7 /* Release */,
			);
			defaultConfigurationIsVisible = 0;
			defaultConfigurationName = Release;
		};
		0225A3ED2F176C47006BEBA7 /* Build configuration list for PBXNativeTarget "Sabique" */ = {
			isa = XCConfigurationList;
			buildConfigurations = (
				0225A3EE2F176C47006BEBA7 /* Debug */,
				0225A3EF2F176C47006BEBA7 /* Release */,
			);
			defaultConfigurationIsVisible = 0;
			defaultConfigurationName = Release;
		};
		0225A3F02F176C47006BEBA7 /* Build configuration list for PBXNativeTarget "SabiqueTests" */ = {
			isa = XCConfigurationList;
			buildConfigurations = (
				0225A3F12F176C47006BEBA7 /* Debug */,
				0225A3F22F176C47006BEBA7 /* Release */,
			);
			defaultConfigurationIsVisible = 0;
			defaultConfigurationName = Release;
		};
		0225A3F32F176C47006BEBA7 /* Build configuration list for PBXNativeTarget "SabiqueUITests" */ = {
			isa = XCConfigurationList;
			buildConfigurations = (
				0225A3F42F176C47006BEBA7 /* Debug */,
				0225A3F52F176C47006BEBA7 /* Release */,
			);
			defaultConfigurationIsVisible = 0;
			defaultConfigurationName = Release;
		};
		0244FEEF2F460CCB009100C5 /* Build configuration list for PBXNativeTarget "SabiqueWidgetExtension" */ = {
			isa = XCConfigurationList;
			buildConfigurations = (
				0244FEF02F460CCB009100C5 /* Debug */,
				0244FEF12F460CCB009100C5 /* Release */,
			);
			defaultConfigurationIsVisible = 0;
			defaultConfigurationName = Release;
		};
/* End XCConfigurationList section */

/* Begin XCRemoteSwiftPackageReference section */
		0220E93B2F32C8F300F55A4E /* XCRemoteSwiftPackageReference "firebase-ios-sdk" */ = {
			isa = XCRemoteSwiftPackageReference;
			repositoryURL = "https://github.com/firebase/firebase-ios-sdk";
			requirement = {
				kind = upToNextMajorVersion;
				minimumVersion = 12.9.0;
			};
		};
/* End XCRemoteSwiftPackageReference section */

/* Begin XCSwiftPackageProductDependency section */
		0220E93C2F32C8F300F55A4E /* FirebaseAuth */ = {
			isa = XCSwiftPackageProductDependency;
			package = 0220E93B2F32C8F300F55A4E /* XCRemoteSwiftPackageReference "firebase-ios-sdk" */;
			productName = FirebaseAuth;
		};
		0220E93E2F32C8F300F55A4E /* FirebaseFirestore */ = {
			isa = XCSwiftPackageProductDependency;
			package = 0220E93B2F32C8F300F55A4E /* XCRemoteSwiftPackageReference "firebase-ios-sdk" */;
			productName = FirebaseFirestore;
		};
		0220E9402F32C8F300F55A4E /* FirebaseStorage */ = {
			isa = XCSwiftPackageProductDependency;
			package = 0220E93B2F32C8F300F55A4E /* XCRemoteSwiftPackageReference "firebase-ios-sdk" */;
			productName = FirebaseStorage;
		};
/* End XCSwiftPackageProductDependency section */
	};
	rootObject = 0225A3C42F176C46006BEBA7 /* Project object */;
}
